[[package]]
category = "dev"
description = "A small Python module for determining appropriate platform-specific dirs, e.g. a \"user data dir\"."
name = "appdirs"
optional = false
python-versions = "*"
version = "1.4.3"

[[package]]
category = "dev"
description = "Disable App Nap on OS X 10.9"
marker = "sys_platform == \"darwin\""
name = "appnope"
optional = false
python-versions = "*"
version = "0.1.0"

[[package]]
category = "dev"
description = "Utilities for refactoring imports in python-like syntax."
name = "aspy.refactor-imports"
optional = false
python-versions = ">=2.7, !=3.0.*, !=3.1.*, !=3.2.*, !=3.3.*"
version = "1.1.0"

[package.dependencies]
cached-property = "*"

[[package]]
category = "dev"
description = "Classes Without Boilerplate"
name = "attrs"
optional = false
python-versions = ">=2.7, !=3.0.*, !=3.1.*, !=3.2.*, !=3.3.*"
version = "19.2.0"

[[package]]
category = "dev"
description = "Specifications for callback functions passed in to an API"
name = "backcall"
optional = false
python-versions = "*"
version = "0.1.0"

[[package]]
category = "dev"
description = "The uncompromising code formatter."
name = "black"
optional = false
python-versions = ">=3.6"
version = "18.9b0"

[package.dependencies]
appdirs = "*"
attrs = ">=17.4.0"
click = ">=6.5"
toml = ">=0.9.4"

[[package]]
category = "dev"
description = "A decorator for caching properties in classes."
name = "cached-property"
optional = false
python-versions = "*"
version = "1.5.1"

[[package]]
category = "main"
description = "Extensible memoizing collections and decorators"
name = "cachetools"
optional = false
python-versions = "*"
version = "3.1.1"

[[package]]
category = "main"
description = "Python package for providing Mozilla's CA Bundle."
name = "certifi"
optional = false
python-versions = "*"
version = "2019.9.11"

[[package]]
category = "main"
description = "Universal encoding detector for Python 2 and 3"
name = "chardet"
optional = false
python-versions = "*"
version = "3.0.4"

[[package]]
category = "dev"
description = "Composable command line interface toolkit"
name = "click"
optional = false
python-versions = ">=2.7, !=3.0.*, !=3.1.*, !=3.2.*, !=3.3.*"
version = "7.0"

[[package]]
category = "dev"
description = "Cross-platform colored terminal text."
marker = "sys_platform == \"win32\""
name = "colorama"
optional = false
python-versions = ">=2.7, !=3.0.*, !=3.1.*, !=3.2.*, !=3.3.*"
version = "0.4.1"

[[package]]
category = "main"
description = "Print csv files in columnated format, either plain or as a Markdown or LaTeX table"
name = "csvprint"
optional = false
python-versions = "*"
version = "0.6.1"

[[package]]
category = "main"
description = "Composable style cycles"
name = "cycler"
optional = false
python-versions = "*"
version = "0.10.0"

[package.dependencies]
six = "*"

[[package]]
category = "dev"
description = "Better living through Python with decorators"
name = "decorator"
optional = false
python-versions = ">=2.6, !=3.0.*, !=3.1.*"
version = "4.4.0"

[[package]]
category = "main"
description = "Google API client core library"
name = "google-api-core"
optional = false
python-versions = ">=2.7,!=3.0.*,!=3.1.*,!=3.2.*,!=3.3.*"
version = "1.14.3"

[package.dependencies]
google-auth = ">=0.4.0,<2.0dev"
googleapis-common-protos = ">=1.6.0,<2.0dev"
protobuf = ">=3.4.0"
pytz = "*"
requests = ">=2.18.0,<3.0.0dev"
setuptools = ">=34.0.0"
six = ">=1.10.0"

[[package]]
category = "main"
description = "Google Authentication Library"
name = "google-auth"
optional = false
python-versions = ">=2.7,!=3.0.*,!=3.1.*,!=3.2.*,!=3.3.*"
version = "1.6.3"

[package.dependencies]
cachetools = ">=2.0.0"
pyasn1-modules = ">=0.2.1"
rsa = ">=3.1.4"
six = ">=1.9.0"

[[package]]
category = "main"
description = "Cloud Vision API API client library"
name = "google-cloud-vision"
optional = false
python-versions = ">=2.7,!=3.0.*,!=3.1.*,!=3.2.*,!=3.3.*"
version = "0.39.0"

[package.dependencies]
google-api-core = ">=1.14.0,<2.0.0dev"

[[package]]
category = "main"
description = "Common protobufs used in Google APIs"
name = "googleapis-common-protos"
optional = false
python-versions = "*"
version = "1.6.0"

[package.dependencies]
protobuf = ">=3.6.0"

[[package]]
category = "main"
description = "HTTP/2-based RPC framework"
name = "grpcio"
optional = false
python-versions = "*"
version = "1.24.1"

[package.dependencies]
six = ">=1.5.2"

[[package]]
category = "main"
description = "Internationalized Domain Names in Applications (IDNA)"
name = "idna"
optional = false
python-versions = ">=2.7, !=3.0.*, !=3.1.*, !=3.2.*, !=3.3.*"
version = "2.8"

[[package]]
category = "dev"
description = "IPython: Productive Interactive Computing"
name = "ipython"
optional = false
python-versions = ">=3.5"
version = "7.8.0"

[package.dependencies]
appnope = "*"
backcall = "*"
colorama = "*"
decorator = "*"
jedi = ">=0.10"
pexpect = "*"
pickleshare = "*"
prompt-toolkit = ">=2.0.0,<2.1.0"
pygments = "*"
setuptools = ">=18.5"
traitlets = ">=4.2"

[[package]]
category = "dev"
description = "Vestigial utilities from IPython"
name = "ipython-genutils"
optional = false
python-versions = "*"
version = "0.2.0"

[[package]]
category = "dev"
description = "A Python utility / library to sort Python imports."
name = "isort"
optional = false
python-versions = ">=2.7, !=3.0.*, !=3.1.*, !=3.2.*, !=3.3.*"
version = "4.3.21"

[[package]]
category = "dev"
description = "An autocompletion tool for Python that can be used for text editors."
name = "jedi"
optional = false
python-versions = ">=2.7, !=3.0.*, !=3.1.*, !=3.2.*, !=3.3.*"
version = "0.15.1"

[package.dependencies]
parso = ">=0.5.0"

[[package]]
category = "main"
description = "A fast implementation of the Cassowary constraint solver"
name = "kiwisolver"
optional = false
python-versions = ">=2.7, !=3.0.*, !=3.1.*, !=3.2.*, !=3.3.*"
version = "1.1.0"

[package.dependencies]
setuptools = "*"

[[package]]
category = "main"
description = "Python plotting package"
name = "matplotlib"
optional = false
python-versions = ">=3.6"
version = "3.1.1"

[package.dependencies]
cycler = ">=0.10"
kiwisolver = ">=1.0.1"
numpy = ">=1.11"
pyparsing = ">=2.0.1,<2.0.4 || >2.0.4,<2.1.2 || >2.1.2,<2.1.6 || >2.1.6"
python-dateutil = ">=2.1"

[[package]]
category = "main"
description = "NumPy is the fundamental package for array computing with Python."
name = "numpy"
optional = false
python-versions = ">=3.5"
version = "1.17.2"

[[package]]
category = "main"
description = "Wrapper package for OpenCV python bindings."
name = "opencv-python"
optional = false
python-versions = "*"
version = "4.1.1.26"

[package.dependencies]
numpy = ">=1.11.1"

[[package]]
category = "dev"
description = "A Python Parser"
name = "parso"
optional = false
python-versions = "*"
version = "0.5.1"

[[package]]
category = "dev"
description = "Pexpect allows easy control of interactive console applications."
marker = "sys_platform != \"win32\""
name = "pexpect"
optional = false
python-versions = "*"
version = "4.7.0"

[package.dependencies]
ptyprocess = ">=0.5"

[[package]]
category = "dev"
description = "Tiny 'shelve'-like database with concurrency support"
name = "pickleshare"
optional = false
python-versions = "*"
version = "0.7.5"

[[package]]
category = "dev"
description = "Library for building powerful interactive command lines in Python"
name = "prompt-toolkit"
optional = false
python-versions = ">=2.6, !=3.0.*, !=3.1.*, !=3.2.*"
version = "2.0.10"

[package.dependencies]
six = ">=1.9.0"
wcwidth = "*"

[[package]]
category = "main"
description = "Protocol Buffers"
name = "protobuf"
optional = false
python-versions = "*"
version = "3.10.0"

[package.dependencies]
setuptools = "*"
six = ">=1.9"

[[package]]
category = "dev"
description = "Run a subprocess in a pseudo terminal"
marker = "sys_platform != \"win32\""
name = "ptyprocess"
optional = false
python-versions = "*"
version = "0.6.0"

[[package]]
category = "main"
description = "ASN.1 types and codecs"
name = "pyasn1"
optional = false
python-versions = "*"
version = "0.4.7"

[[package]]
category = "main"
description = "A collection of ASN.1-based protocols modules."
name = "pyasn1-modules"
optional = false
python-versions = "*"
version = "0.2.7"

[package.dependencies]
pyasn1 = ">=0.4.6,<0.5.0"

[[package]]
category = "dev"
description = "Pygments is a syntax highlighting package written in Python."
name = "pygments"
optional = false
python-versions = ">=2.7, !=3.0.*, !=3.1.*, !=3.2.*, !=3.3.*, !=3.4.*"
version = "2.4.2"

[[package]]
category = "main"
description = "Python parsing module"
name = "pyparsing"
optional = false
python-versions = ">=2.6, !=3.0.*, !=3.1.*, !=3.2.*"
version = "2.4.2"

[[package]]
category = "main"
description = "Extensions to the standard Python datetime module"
name = "python-dateutil"
optional = false
python-versions = ">=2.7, !=3.0.*, !=3.1.*, !=3.2.*"
version = "2.8.0"

[package.dependencies]
six = ">=1.5"

[[package]]
category = "main"
description = "World timezone definitions, modern and historical"
name = "pytz"
optional = false
python-versions = "*"
version = "2019.3"

[[package]]
category = "main"
description = "Python HTTP for Humans."
name = "requests"
optional = false
python-versions = ">=2.7, !=3.0.*, !=3.1.*, !=3.2.*, !=3.3.*, !=3.4.*"
version = "2.22.0"

[package.dependencies]
certifi = ">=2017.4.17"
chardet = ">=3.0.2,<3.1.0"
idna = ">=2.5,<2.9"
urllib3 = ">=1.21.1,<1.25.0 || >1.25.0,<1.25.1 || >1.25.1,<1.26"

[[package]]
category = "main"
description = "Pure-Python RSA implementation"
name = "rsa"
optional = false
python-versions = "*"
version = "4.0"

[package.dependencies]
pyasn1 = ">=0.1.3"

[[package]]
category = "dev"
description = "Statically populate the `known_third_party` `isort` setting."
name = "seed-isort-config"
optional = false
python-versions = ">=2.7, !=3.0.*, !=3.1.*, !=3.2.*, !=3.3.*"
version = "1.9.3"

[package.dependencies]
"aspy.refactor-imports" = "*"

[[package]]
category = "main"
description = "Geometric objects, predicates, and operations"
name = "shapely"
optional = false
python-versions = "*"
version = "1.6.4.post2"

[[package]]
category = "main"
description = "Python 2 and 3 compatibility utilities"
name = "six"
optional = false
python-versions = ">=2.6, !=3.0.*, !=3.1.*"
version = "1.12.0"

[[package]]
category = "dev"
description = "Python Library for Tom's Obvious, Minimal Language"
name = "toml"
optional = false
python-versions = "*"
version = "0.10.0"

[[package]]
category = "dev"
description = "Traitlets Python config system"
name = "traitlets"
optional = false
python-versions = "*"
version = "4.3.3"

[package.dependencies]
decorator = "*"
ipython-genutils = "*"
six = "*"

[[package]]
category = "main"
description = "HTTP library with thread-safe connection pooling, file post, and more."
name = "urllib3"
optional = false
python-versions = ">=2.7, !=3.0.*, !=3.1.*, !=3.2.*, !=3.3.*, <4"
version = "1.25.6"

[[package]]
category = "dev"
description = "Measures number of Terminal column cells of wide-character codes"
name = "wcwidth"
optional = false
python-versions = "*"
version = "0.1.7"

[metadata]
content-hash = "25d586d41b621cae7134a2a1589545c97975049ab085f2618168dcf3af7fb4d5"
python-versions = "^3.7"

[metadata.hashes]
appdirs = ["9e5896d1372858f8dd3344faf4e5014d21849c756c8d5701f78f8a103b372d92", "d8b24664561d0d34ddfaec54636d502d7cea6e29c3eaf68f3df6180863e2166e"]
appnope = ["5b26757dc6f79a3b7dc9fab95359328d5747fcb2409d331ea66d0272b90ab2a0", "8b995ffe925347a2138d7ac0fe77155e4311a0ea6d6da4f5128fe4b3cbe5ed71"]
"aspy.refactor-imports" = ["6d465c18cadad7e5a87810ecf8e516cb6f78e91871f4f55d0f228c6c376bd16a", "88418d9bd1a0d50b9d3836504469dce6f26ee8b2d78bd58b805d73dd8b381d55"]
attrs = ["ec20e7a4825331c1b5ebf261d111e16fa9612c1f7a5e1f884f12bd53a664dfd2", "f913492e1663d3c36f502e5e9ba6cd13cf19d7fab50aa13239e420fef95e1396"]
backcall = ["38ecd85be2c1e78f77fd91700c76e14667dc21e2713b63876c0eb901196e01e4", "bbbf4b1e5cd2bdb08f915895b51081c041bac22394fdfcfdfbe9f14b77c08bf2"]
black = ["817243426042db1d36617910df579a54f1afd659adb96fc5032fcf4b36209739", "e030a9a28f542debc08acceb273f228ac422798e5215ba2a791a6ddeaaca22a5"]
cached-property = ["3a026f1a54135677e7da5ce819b0c690f156f37976f3e30c5430740725203d7f", "9217a59f14a5682da7c4b8829deadbfc194ac22e9908ccf7c8820234e80a1504"]
cachetools = ["428266a1c0d36dc5aca63a2d7c5942e88c2c898d72139fca0e97fdd2380517ae", "8ea2d3ce97850f31e4a08b0e2b5e6c34997d7216a9d2c98e0f3978630d4da69a"]
certifi = ["e4f3620cfea4f83eedc95b24abd9cd56f3c4b146dd0177e83a21b4eb49e21e50", "fd7c7c74727ddcf00e9acd26bba8da604ffec95bf1c2144e67aff7a8b50e6cef"]
chardet = ["84ab92ed1c4d4f16916e05906b6b75a6c0fb5db821cc65e70cbd64a3e2a5eaae", "fc323ffcaeaed0e0a02bf4d117757b98aed530d9ed4531e3e15460124c106691"]
click = ["2335065e6395b9e67ca716de5f7526736bfa6ceead690adf616d925bdc622b13", "5b94b49521f6456670fdb30cd82a4eca9412788a93fa6dd6df72c94d5a8ff2d7"]
colorama = ["05eed71e2e327246ad6b38c540c4a3117230b19679b875190486ddd2d721422d", "f8ac84de7840f5b9c4e3347b3c1eaa50f7e49c2b07596221daec5edaabbd7c48"]
csvprint = ["00a4b8198ee28ce0ecef87772ba10d52fbb1411e6b10f2180cd5ae8da050fa81", "3160dc4a9a0169ee80384ed041dd8a850ec857499346eb2f98b27f96e6f45972"]
cycler = ["1d8a5ae1ff6c5cf9b93e8811e581232ad8920aeec647c37316ceac982b08cb2d", "cd7b2d1018258d7247a71425e9f26463dfb444d411c39569972f4ce586b0c9d8"]
decorator = ["86156361c50488b84a3f148056ea716ca587df2f0de1d34750d35c21312725de", "f069f3a01830ca754ba5258fde2278454a0b5b79e0d7f5c13b3b97e57d4acff6"]
google-api-core = ["b95895a9398026bc0500cf9b4a3f82c3f72c3f9150b26ff53af40c74e91c264a", "df8adc4b97f5ab4328a0e745bee77877cf4a7d4601cb1cd5959d2bbf8fba57aa"]
google-auth = ["0f7c6a64927d34c1a474da92cfc59e552a5d3b940d3266606c6a28b72888b9e4", "20705f6803fd2c4d1cc2dcb0df09d4dfcb9a7d51fd59e94a3a28231fd93119ed"]
google-cloud-vision = ["2344c07c3ca48f9d901f88541d97d6e65551a25cebcb7a5fafb62daaf3146645", "f33aea6721d453901ded268dee61a01ab77d4cd215a76edc3cc61b6028299d3e"]
googleapis-common-protos = ["e61b8ed5e36b976b487c6e7b15f31bb10c7a0ca7bd5c0e837f4afab64b53a0c6"]
grpcio = ["0302331e014fc4bac028b6ad480b33f7abfe20b9bdcca7be417124dda8f22115", "0aa0cce9c5eb1261b32173a20ed42b51308d55ce28ecc2021e868b3cb90d9503", "0c83947575300499adbc308e986d754e7f629be0bdd9bea1ffdd5cf76e1f1eff", "0ca26ff968d45efd4ef73447c4d4b34322ea8c7d06fbb6907ce9e5db78f1bbcb", "0cf80a7955760c2498f8821880242bb657d70998065ff0d2a082de5ffce230a7", "0d40706e57d9833fe0e023a08b468f33940e8909affa12547874216d36bba208", "11872069156de34c6f3f9a1deb46cc88bc35dfde88262c4c73eb22b39b16fc55", "16065227faae0ab0abf1789bfb92a2cd2ab5da87630663f93f8178026da40e0d", "1e33778277685f6fabb22539136269c87c029e39b6321ef1a639b756a1c0a408", "2b16be15b1ae656bc7a36642b8c7045be2dde2048bb4b67478003e9d9db8022a", "3701dfca3ada27ceef0d17f728ce9dfef155ed20c57979c2b05083082258c6c1", "41912ecaf482abf2de74c69f509878f99223f5dd6b2de1a09c955afd4de3cf9b", "4332cbd20544fe7406910137590f38b5b3a1f6170258e038652cf478c639430f", "44068ecbdc6467c2bff4d8198816c8a2701b6dd1ec16078fceb6adc7c1f577d6", "53115960e37059420e2d16a4b04b00dd2ab3b6c3c67babd01ffbfdcd7881a69b", "6e7027bcd4070414751e2a5e60706facb98a1fc636497c9bac5442fe37b8ae6b", "6ff57fb2f07b7226b5bec89e8e921ea9bd220f35f11e094f2ba38f09eecd49c6", "73240e244d7644654bbda1f309f4911748b6a1804b7a8897ddbe8a04c90f7407", "785234bbc469bc75e26c868789a2080ffb30bd6e93930167797729889ad06b0b", "82f9d3c7f91d2d1885631335c003c5d45ae1cd69cc0bc4893f21fef50b8151bc", "86bdc2a965510658407a1372eb61f0c92f763fdfb2795e4d038944da4320c950", "95e925b56676a55e6282b3de80a1cbad5774072159779c61eac02791dface049", "96673bb4f14bd3263613526d1e7e33fdb38a9130e3ce87bf52314965706e1900", "970014205e76920484679035b6fb4b16e02fc977e5aac4d22025da849c79dab9", "ace5e8bf11a1571f855f5dab38a9bd34109b6c9bc2864abf24a597598c7e3695", "ad375f03eb3b9cb75a24d91eab8609e134d34605f199efc41e20dd642bdac855", "b819c4c7dcf0de76788ce5f95daad6d4e753d6da2b6a5f84e5bb5b5ce95fddc4", "c17943fd340cbd906db49f3f03c7545e5a66b617e8348b2c7a0d2c759d216af1", "d21247150dea86dabd3b628d8bc4b563036db3d332b3f4db3c5b1b0b122cb4f6", "d4d500a7221116de9767229ff5dd10db91f789448d85befb0adf5a37b0cd83b5", "e2a942a3cfccbbca21a90c144867112698ef36486345c285da9e98c466f22b22", "e983273dca91cb8a5043bc88322eb48e2b8d4e4998ff441a1ee79ced89db3909"]
idna = ["c357b3f628cf53ae2c4c05627ecc484553142ca23264e593d327bcde5e9c3407", "ea8b7f6188e6fa117537c3df7da9fc686d485087abf6ac197f9c46432f7e4a3c"]
ipython = ["c4ab005921641e40a68e405e286e7a1fcc464497e14d81b6914b4fd95e5dee9b", "dd76831f065f17bddd7eaa5c781f5ea32de5ef217592cf019e34043b56895aa1"]
ipython-genutils = ["72dd37233799e619666c9f639a9da83c34013a73e8bbc79a7a6348d93c61fab8", "eb2e116e75ecef9d4d228fdc66af54269afa26ab4463042e33785b887c628ba8"]
isort = ["54da7e92468955c4fceacd0c86bd0ec997b0e1ee80d97f67c35a78b719dccab1", "6e811fcb295968434526407adb8796944f1988c5b65e8139058f2014cbe100fd"]
jedi = ["786b6c3d80e2f06fd77162a07fed81b8baa22dde5d62896a790a331d6ac21a27", "ba859c74fa3c966a22f2aeebe1b74ee27e2a462f56d3f5f7ca4a59af61bfe42e"]
kiwisolver = ["05b5b061e09f60f56244adc885c4a7867da25ca387376b02c1efc29cc16bcd0f", "26f4fbd6f5e1dabff70a9ba0d2c4bd30761086454aa30dddc5b52764ee4852b7", "3b2378ad387f49cbb328205bda569b9f87288d6bc1bf4cd683c34523a2341efe", "400599c0fe58d21522cae0e8b22318e09d9729451b17ee61ba8e1e7c0346565c", "47b8cb81a7d18dbaf4fed6a61c3cecdb5adec7b4ac292bddb0d016d57e8507d5", "53eaed412477c836e1b9522c19858a8557d6e595077830146182225613b11a75", "58e626e1f7dfbb620d08d457325a4cdac65d1809680009f46bf41eaf74ad0187", "5a52e1b006bfa5be04fe4debbcdd2688432a9af4b207a3f429c74ad625022641", "5c7ca4e449ac9f99b3b9d4693debb1d6d237d1542dd6a56b3305fe8a9620f883", "682e54f0ce8f45981878756d7203fd01e188cc6c8b2c5e2cf03675390b4534d5", "79bfb2f0bd7cbf9ea256612c9523367e5ec51d7cd616ae20ca2c90f575d839a2", "7f4dd50874177d2bb060d74769210f3bce1af87a8c7cf5b37d032ebf94f0aca3", "8944a16020c07b682df861207b7e0efcd2f46c7488619cb55f65882279119389", "8aa7009437640beb2768bfd06da049bad0df85f47ff18426261acecd1cf00897", "939f36f21a8c571686eb491acfffa9c7f1ac345087281b412d63ea39ca14ec4a", "9733b7f64bd9f807832d673355f79703f81f0b3e52bfce420fc00d8cb28c6a6c", "a02f6c3e229d0b7220bd74600e9351e18bc0c361b05f29adae0d10599ae0e326", "a0c0a9f06872330d0dd31b45607197caab3c22777600e88031bfe66799e70bb0", "acc4df99308111585121db217681f1ce0eecb48d3a828a2f9bbf9773f4937e9e", "b64916959e4ae0ac78af7c3e8cef4becee0c0e9694ad477b4c6b3a536de6a544", "d3fcf0819dc3fea58be1fd1ca390851bdb719a549850e708ed858503ff25d995", "d52e3b1868a4e8fd18b5cb15055c76820df514e26aa84cc02f593d99fef6707f", "db1a5d3cc4ae943d674718d6c47d2d82488ddd94b93b9e12d24aabdbfe48caee", "e3a21a720791712ed721c7b95d433e036134de6f18c77dbe96119eaf7aa08004", "e8bf074363ce2babeb4764d94f8e65efd22e6a7c74860a4f05a6947afc020ff2", "f16814a4a96dc04bf1da7d53ee8d5b1d6decfc1a92a63349bb15d37b6a263dd9", "f2b22153870ca5cf2ab9c940d7bc38e8e9089fa0f7e5856ea195e1cf4ff43d5a", "f790f8b3dff3d53453de6a7b7ddd173d2e020fb160baff578d578065b108a05f"]
matplotlib = ["1febd22afe1489b13c6749ea059d392c03261b2950d1d45c17e3aed812080c93", "31a30d03f39528c79f3a592857be62a08595dec4ac034978ecd0f814fa0eec2d", "4442ce720907f67a79d45de9ada47be81ce17e6c2f448b3c64765af93f6829c9", "796edbd1182cbffa7e1e7a97f1e141f875a8501ba8dd834269ae3cd45a8c976f", "934e6243df7165aad097572abf5b6003c77c9b6c480c3c4de6f2ef1b5fdd4ec0", "bab9d848dbf1517bc58d1f486772e99919b19efef5dd8596d4b26f9f5ee08b6b", "c1fe1e6cdaa53f11f088b7470c2056c0df7d80ee4858dadf6cbe433fcba4323b", "e5b8aeca9276a3a988caebe9f08366ed519fff98f77c6df5b64d7603d0e42e36", "ec6bd0a6a58df3628ff269978f4a4b924a0d371ad8ce1f8e2b635b99e482877a"]
numpy = ["05dbfe72684cc14b92568de1bc1f41e5f62b00f714afc9adee42f6311738091f", "0d82cb7271a577529d07bbb05cb58675f2deb09772175fab96dc8de025d8ac05", "10132aa1fef99adc85a905d82e8497a580f83739837d7cbd234649f2e9b9dc58", "12322df2e21f033a60c80319c25011194cd2a21294cc66fee0908aeae2c27832", "16f19b3aa775dddc9814e02a46b8e6ae6a54ed8cf143962b4e53f0471dbd7b16", "3d0b0989dd2d066db006158de7220802899a1e5c8cf622abe2d0bd158fd01c2c", "438a3f0e7b681642898fd7993d38e2bf140a2d1eafaf3e89bb626db7f50db355", "5fd214f482ab53f2cea57414c5fb3e58895b17df6e6f5bca5be6a0bb6aea23bb", "73615d3edc84dd7c4aeb212fa3748fb83217e00d201875a47327f55363cef2df", "7bd355ad7496f4ce1d235e9814ec81ee3d28308d591c067ce92e49f745ba2c2f", "7d077f2976b8f3de08a0dcf5d72083f4af5411e8fddacd662aae27baa2601196", "a4092682778dc48093e8bda8d26ee8360153e2047826f95a3f5eae09f0ae3abf", "b458de8624c9f6034af492372eb2fee41a8e605f03f4732f43fc099e227858b2", "e70fc8ff03a961f13363c2c95ef8285e0cf6a720f8271836f852cc0fa64e97c8", "ee8e9d7cad5fe6dde50ede0d2e978d81eafeaa6233fb0b8719f60214cf226578", "f4a4f6aba148858a5a5d546a99280f71f5ee6ec8182a7d195af1a914195b21a2"]
opencv-python = ["01505b131dc35f60e99a5da98b77156e37f872ae0ff5596e5e68d526bb572d3c", "0478a1037505ddde312806c960a5e8958d2cf7a2885e8f2f5dde74c4028e0b04", "17810b89f9ef8e8537e75332acf533e619e26ccadbf1b73f24bf338f2d327ddd", "19ad2ea9fb32946761b47b9d6eed51876a8329da127f27788263fecd66651ba0", "1a250edb739baf3e7c25d99a2ee252aac4f59a97e0bee39237eaa490fd0281d3", "3505468970448f66cd776cb9e179570c87988f94b5cf9bcbc4c2d88bd88bbdf1", "4e04a91da157885359f487534433340b2d709927559c80acf62c28167e59be02", "5a49cffcdec5e37217672579c3343565926d999642844efa9c6a031ed5f32318", "604b2ce3d4a86480ced0813da7fba269b4605ad9fea26cd2144d8077928d4b49", "61cbb8fa9565a0480c46028599431ad8f19181a7fac8070a700515fd54cd7377", "62d7c6e511c9454f099616315c695d02a584048e1affe034b39160db7a2ae34d", "6555272dd9efd412d17cdc1a4f4c2da5753c099d95d9ff01aca54bb9782fb5cf", "67d994c6b2b14cb9239e85dc7dfa6c08ef7cf6eb4def80c0af6141dfacc8cbb9", "68c9cbe538666c4667523821cc56caee49389bea06bae4c0fc2cd68bd264226a", "822ad8f628a9498f569c57d30865f5ef9ee17824cee0a1d456211f742028c135", "82d972429eb4fee22c1dc4204af2a2e981f010e5e4f66daea2a6c68381b79184", "9128924f5b58269ee221b8cf2d736f31bd3bb0391b92ee8504caadd68c8176a2", "9172cf8270572c494d8b2ae12ef87c0f6eed9d132927e614099f76843b0c91d7", "952bce4d30a8287b17721ddaad7f115dab268efee8576249ddfede80ec2ce404", "a8147718e70b1f170a3d26518e992160137365a4db0ed82a9efd3040f9f660d4", "bfdb636a3796ff223460ea0fcfda906b3b54f4bef22ae433a5b67e66fab00b25", "c9c3f27867153634e1083390920067008ebaaab78aeb09c4e0274e69746cb2c8", "d69be21973d450a4662ae6bd1b3df6b1af030e448d7276380b0d1adf7c8c2ae6", "db1479636812a6579a3753b72a6fefaa73190f32bf7b19e483f8bc750cebe1a5", "db8313d755962a7dd61e5c22a651e0743208adfdb255c6ec8904ce9cb02940c6", "e4625a6b032e7797958aeb630d6e3e91e3896d285020aae612e6d7b342d6dfea", "e8397a26966a1290836a52c34b362aabc65a422b9ffabcbbdec1862f023ccab8"]
parso = ["63854233e1fadb5da97f2744b6b24346d2750b85965e7e399bec1620232797dc", "666b0ee4a7a1220f65d367617f2cd3ffddff3e205f3f16a0284df30e774c2a9c"]
pexpect = ["2094eefdfcf37a1fdbfb9aa090862c1a4878e5c7e0e7e7088bdb511c558e5cd1", "9e2c1fd0e6ee3a49b28f95d4b33bc389c89b20af6a1255906e90ff1262ce62eb"]
pickleshare = ["87683d47965c1da65cdacaf31c8441d12b8044cdec9aca500cd78fc2c683afca", "9649af414d74d4df115d5d718f82acb59c9d418196b7b4290ed47a12ce62df56"]
prompt-toolkit = ["46642344ce457641f28fc9d1c9ca939b63dadf8df128b86f1b9860e59c73a5e4", "e7f8af9e3d70f514373bf41aa51bc33af12a6db3f71461ea47fea985defb2c31", "f15af68f66e664eaa559d4ac8a928111eebd5feda0c11738b5998045224829db"]
protobuf = ["125713564d8cfed7610e52444c9769b8dcb0b55e25cc7841f2290ee7bc86636f", "1accdb7a47e51503be64d9a57543964ba674edac103215576399d2d0e34eac77", "27003d12d4f68e3cbea9eb67427cab3bfddd47ff90670cb367fcd7a3a89b9657", "3264f3c431a631b0b31e9db2ae8c927b79fc1a7b1b06b31e8e5bcf2af91fe896", "3c5ab0f5c71ca5af27143e60613729e3488bb45f6d3f143dc918a20af8bab0bf", "45dcf8758873e3f69feab075e5f3177270739f146255225474ee0b90429adef6", "56a77d61a91186cc5676d8e11b36a5feb513873e4ae88d2ee5cf530d52bbcd3b", "5984e4947bbcef5bd849d6244aec507d31786f2dd3344139adc1489fb403b300", "6b0441da73796dd00821763bb4119674eaf252776beb50ae3883bed179a60b2a", "6f6677c5ade94d4fe75a912926d6796d5c71a2a90c2aeefe0d6f211d75c74789", "84a825a9418d7196e2acc48f8746cf1ee75877ed2f30433ab92a133f3eaf8fbe", "b842c34fe043ccf78b4a6cf1019d7b80113707d68c88842d061fa2b8fb6ddedc", "ca33d2f09dae149a1dcf942d2d825ebb06343b77b437198c9e2ef115cf5d5bc1", "cc9af00df3fc9302f537a8335668c20be27916b2277e9a5eaed510266e2bb33b", "db83b5c12c0cd30150bb568e6feb2435c49ce4e68fe2d7b903113f0e221e58fe", "f50f3b1c5c1c1334ca7ce9cad5992f098f460ffd6388a3cabad10b66c2006b09", "f99f127909731cafb841c52f9216e447d3e4afb99b17bebfad327a75aee206de"]
ptyprocess = ["923f299cc5ad920c68f2bc0bc98b75b9f838b93b599941a6b63ddbc2476394c0", "d7cc528d76e76342423ca640335bd3633420dc1366f258cb31d05e865ef5ca1f"]
pyasn1 = ["1321d4b2f051410fe7302bb1619903d30b24ba1451d019c11d242d11b2a35444", "2860a047f666afd23b197a65f33145313511c368ce919b2d9b1853ffd3e9d32d", "2919babd43b3b44247c23201b71072c0c65a636daa595cad5bcd276094dbfc2d", "437a23121602c0bb6c65320b27e31e334ffd73a9ca5c6c075b66b6270b1a8184", "5a89df3c62688261e27439d5715fd0d3ca6bf7bf1067e2171642e92aff17e817", "62cdade8b5530f0b185e09855dd422bc05c0bbff6b72ff61381c09dac7befd8c", "67a43aec85f4ea96e72a7b22227ba7a45cf03b7297e1a53418be164bbf68335e", "813b198c169e9442f340743f77093435bf3e1de8d1731f3abc45d44afba17556", "96c44b5604e7674e53e27fce98f3fc68821d9546151b98842c27b533122649da", "a9495356ca1d66ed197a0f72b41eb1823cf7ea8b5bd07191673e8147aecf8604", "bcac468e38d16e94fee4c8f76eef1feb9a06a911e93465f2351a4140fa66d303", "c39d11c72f0e5e71faa35c8c8ef5ee9b810ec99a3c64f05133f1325fe5636bba", "f124185ccc1c1c5e782aa58d46bc28be279673a482334d70de6735d05d8b4b10"]
pyasn1-modules = ["0c35a52e00b672f832e5846826f1fb7507907f7d52fba6faa9e3c4cbe874fe4b", "13a6955947d8a554de78fc305a4d651f20fb5580b88612a5f0661d4f189d27ac", "233f55c840e821e76828262db976ac894b285909d22d060c2bdb522e7bf28cc6", "24d54188cb7abd750e0a2cba61b7b46a75608175a0c3c1b1eee08322915d8d21", "27581362b4253b9c999882a64df974124cde12be0bf2c04148a0d68bc6bbb7b8", "33c220a2701032261a23eea6e9881404ac6fc7ff96f183b5353fea8fc8962547", "64f6aecf26e93f6a3ba3725b4eb9f532551747d7a63ca9ff43aef12f4bf11eac", "7b4edf07ca2f759d7cf693184be09f22e067c2eb52b03c770d0a2e9de1c67dfd", "9b972f81f59d896cebb9ebb1d44296f1acb28bf7869443c37551f4eed8d74f83", "9ca5e376a6d9dee35bb3a62608dfa2e6698798aa6b8db3c7afd0eb31af0d63c7", "b6ada4f840fe51abf5a6bd545b45bf537bea62221fa0dde2e8a553ed9f06a4e3", "c14b107a67ee36a7f183ae9f4803ffde4a03b67f3192eab0a62e851af71371d3", "eaf35047a0b068e3e0c2a99618b13b65c98c329661daa78c9d44a4ef0fe8139e"]
pygments = ["71e430bc85c88a430f000ac1d9b331d2407f681d6f6aec95e8bcfbc3df5b0127", "881c4c157e45f30af185c1ffe8d549d48ac9127433f2c380c24b84572ad66297"]
pyparsing = ["6f98a7b9397e206d78cc01df10131398f1c8b8510a2f4d97d9abd82e1aacdd80", "d9338df12903bbf5d65a0e4e87c2161968b10d2e489652bb47001d82a9b028b4"]
python-dateutil = ["7e6584c74aeed623791615e26efd690f29817a27c73085b78e4bad02493df2fb", "c89805f6f4d64db21ed966fda138f8a5ed7a4fdbc1a8ee329ce1b74e3c74da9e"]
pytz = ["1c557d7d0e871de1f5ccd5833f60fb2550652da6be2693c1e02300743d21500d", "b02c06db6cf09c12dd25137e563b31700d3b80fcc4ad23abb7a315f2789819be"]
requests = ["11e007a8a2aa0323f5a921e9e6a2d7e4e67d9877e85773fba9ba6419025cbeb4", "9cf5292fcd0f598c671cfc1e0d7d1a7f13bb8085e9a590f48c010551dc6c4b31"]
rsa = ["14ba45700ff1ec9eeb206a2ce76b32814958a98e372006c8fb76ba820211be66", "1a836406405730121ae9823e19c6e806c62bbad73f890574fff50efa4122c487"]
seed-isort-config = ["3e7c194d6322bfd15827640b85ddefbfcb205407530ebff5298700ae88d2397d", "6805a6567f30bb1b799c5c90d29789ea5b8bb6261f31ea745095ebc5eac6b027"]
shapely = ["0378964902f89b8dbc332e5bdfa08e0bc2f7ab39fecaeb17fbb2a7699a44fe71", "34e7c6f41fb27906ccdf2514ee44a5774b90b39a256b6511a6a57d11ffe64999", "3ca69d4b12e2b05b549465822744b6a3a1095d8488cc27b2728a06d3c07d0eee", "3e9388f29bd81fcd4fa5c35125e1fbd4975ee36971a87a90c093f032d0e9de24", "3ef28e3f20a1c37f5b99ea8cf8dcb58e2f1a8762d65ed2d21fd92bf1d4811182", "523c94403047eb6cacd7fc1863ebef06e26c04d8a4e7f8f182d49cd206fe787e", "5d22a1a705c2f70f61ccadc696e33d922c1a92e00df8e1d58a6ade14dd7e3b4f", "714b6680215554731389a1bbdae4cec61741aa4726921fa2b2b96a6f578a2534", "7dfe1528650c3f0dc82f41a74cf4f72018288db9bfb75dcd08f6f04233ec7e78", "ba58b21b9cf3c33725f7f530febff9ed6a6846f9d0bf8a120fc74683ff919f89", "c4b87bb61fc3de59fc1f85e71a79b0c709dc68364d9584473697aad4aa13240f", "ebb4d2bee7fac3f6c891fcdafaa17f72ab9c6480f6d00de0b2dc9a5137dfe342"]
six = ["3350809f0555b11f552448330d0b52d5f24c91a322ea4a15ef22629740f3761c", "d16a0141ec1a18405cd4ce8b4613101da75da0e9a7aec5bdd4fa804d0e0eba73"]
toml = ["229f81c57791a41d65e399fc06bf0848bab550a9dfd5ed66df18ce5f05e73d5c", "235682dd292d5899d361a811df37e04a8828a5b1da3115886b73cf81ebc9100e", "f1db651f9657708513243e61e6cc67d101a39bad662eaa9b5546f789338e07a3"]
traitlets = ["70b4c6a1d9019d7b4f6846832288f86998aa3b9207c6821f3578a6a6a467fe44", "d023ee369ddd2763310e4c3eae1ff649689440d4ae59d7485eb4cfbbe3e359f7"]
urllib3 = ["3de946ffbed6e6746608990594d08faac602528ac7015ac28d33cee6a45b7398", "9a107b99a5393caf59c7aa3c1249c16e6879447533d0887f4336dde834c7be86"]
wcwidth = ["3df37372226d6e63e1b1e1eda15c594bca98a22d33a23832a90998faa96bc65e", "f4ebe71925af7b40a864553f761ed559b43544f8f71746c2d756c7fe788ade7c"]
